
Microsoft Visual Studio Solution File, Format Version 12.00
# Visual Studio 15
VisualStudioVersion = 15.0.27130.2003
MinimumVisualStudioVersion = 10.0.40219.1
Project("{9A19103F-16F7-4668-BE54-9A1E7A4F7556}") = "Westeros", "Westeros\Westeros.csproj", "{1C7C5CD9-3CF9-4470-8EE2-569D4D0591B8}"
EndProject
Project("{2150E333-8FDC-42A3-9474-1A3956D46DE8}") = "Lannister", "Lannister", "{57D9A443-5180-4E5C-A723-7FDDF1F70C44}"
EndProject
Project("{9A19103F-16F7-4668-BE54-9A1E7A4F7556}") = "Westeros.Diet.Service", "Westeros.Diet.Service\Westeros.Diet.Service.csproj", "{C1E6A8B7-1F4A-4379-83BC-1F24F5E1E9B9}"
EndProject
Project("{9A19103F-16F7-4668-BE54-9A1E7A4F7556}") = "Westeros.Diet.Data", "Westeros.Diet.Data\Westeros.Diet.Data.csproj", "{C1CF42E8-554E-4B17-B2BE-67F7431AA983}"
EndProject
Project("{2150E333-8FDC-42A3-9474-1A3956D46DE8}") = "Stark", "Stark", "{1071CAD4-0274-46DC-8392-B8D5A219E2D5}"
EndProject
Project("{9A19103F-16F7-4668-BE54-9A1E7A4F7556}") = "Westeros.Ranking.Service", "Westeros.Ranking.Service\Westeros.Ranking.Service.csproj", "{7E0A478F-9C37-4273-8A4F-AB5E06AE07BC}"
EndProject
Project("{9A19103F-16F7-4668-BE54-9A1E7A4F7556}") = "Westeros.Ranking.Data", "Westeros.Ranking.Data\Westeros.Ranking.Data.csproj", "{8BD506B0-A183-4BB5-A4C7-8A3BA9D1A33E}"
EndProject
Project("{2150E333-8FDC-42A3-9474-1A3956D46DE8}") = "Targeryan", "Targeryan", "{3FD9CF13-1AF3-4B87-AA80-73A7E181AA56}"
EndProject
Project("{9A19103F-16F7-4668-BE54-9A1E7A4F7556}") = "Westeros.UserProfile.Data", "Westeros.UserProfile.Data\Westeros.UserProfile.Data.csproj", "{D0A052D2-3C32-4AE4-AC6D-D64C8F2336B9}"
EndProject
Project("{9A19103F-16F7-4668-BE54-9A1E7A4F7556}") = "Westeros.UserProfile.Service", "Westeros.UserProfile.Service\Westeros.UserProfile.Service.csproj", "{D55FB0DF-3BCE-4975-8177-0152D29286A9}"
EndProject
Project("{9A19103F-16F7-4668-BE54-9A1E7A4F7556}") = "Westeros.UserProfile.Tests", "Westeros.UserProfile.Tests\Westeros.UserProfile.Tests.csproj", "{8F53A4AB-7643-4201-83B3-4C04B3B6CC1E}"
EndProject
Project("{2150E333-8FDC-42A3-9474-1A3956D46DE8}") = "Bolton", "Bolton", "{5113E526-FA97-4B59-963E-81D57ADF0BD8}"
EndProject
Project("{9A19103F-16F7-4668-BE54-9A1E7A4F7556}") = "Westeros.Recipes.Tests", "Westeros.Recipes.Tests\Westeros.Recipes.Tests.csproj", "{3601FB4D-EBC5-43B2-B899-50DE964F1BE3}"
EndProject
Project("{9A19103F-16F7-4668-BE54-9A1E7A4F7556}") = "Westeros.Recipes.Data", "Westeros.Recipes.Data\Westeros.Recipes.Data.csproj", "{FFEE551E-AE30-45BC-BA9C-76FF4E26EA7A}"
EndProject
Project("{9A19103F-16F7-4668-BE54-9A1E7A4F7556}") = "Westeros.Recipes.Service", "Westeros.Recipes.Service\Westeros.Recipes.Service.csproj", "{91EF6060-71E0-4166-B99D-7D02B654978F}"
EndProject
Project("{2150E333-8FDC-42A3-9474-1A3956D46DE8}") = "Greyjoy", "Greyjoy", "{914F11BD-4E7F-43A8-9D8B-F69A4F24ABC0}"
EndProject
Project("{9A19103F-16F7-4668-BE54-9A1E7A4F7556}") = "Westeros.Events.Service", "Westeros.Events.Service\Westeros.Events.Service.csproj", "{C9CF6913-2B11-42B9-8440-4CDBDD89661F}"
EndProject
Project("{9A19103F-16F7-4668-BE54-9A1E7A4F7556}") = "Westeros.Events.Data", "Westeros.Events.Data\Westeros.Events.Data.csproj", "{2E5578AE-E0A5-4A54-90A1-690006DBB589}"
EndProject
Project("{9A19103F-16F7-4668-BE54-9A1E7A4F7556}") = "Westeros.Events.Tests", "Westeros.Events.Tests\Westeros.Events.Tests.csproj", "{FA80C60C-FE72-439E-AC56-0ED3C6B2E0EC}"
EndProject
Project("{2150E333-8FDC-42A3-9474-1A3956D46DE8}") = "Demo", "Demo", "{D6E949C4-45D3-4FF3-BBFF-403F983A1B51}"
EndProject
Project("{9A19103F-16F7-4668-BE54-9A1E7A4F7556}") = "Westeros.Demo.Data", "Westeros.Demo.Data\Westeros.Demo.Data.csproj", "{1A5252A1-3451-4A29-A170-3EB5CDEF6520}"
EndProject
Project("{9A19103F-16F7-4668-BE54-9A1E7A4F7556}") = "Westeros.Demo.Service", "Westeros.Demo.Service\Westeros.Demo.Service.csproj", "{D7B98491-D7ED-4A9D-9FE2-B01D8BCE752A}"
EndProject
Project("{9A19103F-16F7-4668-BE54-9A1E7A4F7556}") = "Westeros.Ranking.Tests", "Westeros.Ranking.Tests\Westeros.Ranking.Tests.csproj", "{AA325FBE-5341-4CD1-8284-BE989A6597E9}"
EndProject
Project("{9A19103F-16F7-4668-BE54-9A1E7A4F7556}") = "Westeros.Diet.Tests", "Westeros.Diet.Tests\Westeros.Diet.Tests.csproj", "{55C9E6F5-0504-4C5B-9C1C-8BAE1A7B89BE}"
EndProject
Project("{9A19103F-16F7-4668-BE54-9A1E7A4F7556}") = "Westeros.Demo.Web", "Westeros.Demo.Web\Westeros.Demo.Web.csproj", "{2CC78F44-7349-425F-A865-F3C55A3F1134}"
EndProject
Project("{9A19103F-16F7-4668-BE54-9A1E7A4F7556}") = "Westeros.Diet.Web", "Westeros.Diet.Web\Westeros.Diet.Web.csproj", "{5D5BBDDB-F326-46EB-A8F9-D5FF5ABC9E52}"
EndProject
Project("{9A19103F-16F7-4668-BE54-9A1E7A4F7556}") = "Westeros.Ranking.Web", "Westeros.Ranking.Web\Westeros.Ranking.Web.csproj", "{2070BB7F-EF4D-40BE-AFDE-626DE129F9C6}"
EndProject
Project("{9A19103F-16F7-4668-BE54-9A1E7A4F7556}") = "Westeros.Demo.ApiClient", "Westeros.Demo.ApiClient\Westeros.Demo.ApiClient.csproj", "{6116C4B6-AF25-4EE9-8D9A-D5EE025A74B0}"
EndProject
Project("{9A19103F-16F7-4668-BE54-9A1E7A4F7556}") = "Westeros.UserProfile.Web", "Westeros.UserProfile.Web\Westeros.UserProfile.Web.csproj", "{A2CADDB4-448A-4620-BCAF-6B097764EAA2}"
EndProject
Project("{9A19103F-16F7-4668-BE54-9A1E7A4F7556}") = "Westeros.Demo.Tests", "Westeros.Demo.Tests\Westeros.Demo.Tests.csproj", "{2A9C7577-ACC7-4495-A190-F48068BB88DB}"
EndProject
Project("{9A19103F-16F7-4668-BE54-9A1E7A4F7556}") = "Westeros.Ranking.ApiClient", "Westeros.Ranking.ApiClient\Westeros.Ranking.ApiClient.csproj", "{5116CF13-11E5-4E12-A3E4-32DF95183246}"
EndProject
Project("{9A19103F-16F7-4668-BE54-9A1E7A4F7556}") = "Westeros.Recipes.Web", "Westeros.Recipes.Web\Westeros.Recipes.Web.csproj", "{EEDC1CFB-FC9D-490B-938B-B3BFD1C86171}"
EndProject
Global
	GlobalSection(SolutionConfigurationPlatforms) = preSolution
		Debug|Any CPU = Debug|Any CPU
		Release|Any CPU = Release|Any CPU
	EndGlobalSection
	GlobalSection(ProjectConfigurationPlatforms) = postSolution
		{1C7C5CD9-3CF9-4470-8EE2-569D4D0591B8}.Debug|Any CPU.ActiveCfg = Debug|Any CPU
		{1C7C5CD9-3CF9-4470-8EE2-569D4D0591B8}.Debug|Any CPU.Build.0 = Debug|Any CPU
		{1C7C5CD9-3CF9-4470-8EE2-569D4D0591B8}.Release|Any CPU.ActiveCfg = Release|Any CPU
		{1C7C5CD9-3CF9-4470-8EE2-569D4D0591B8}.Release|Any CPU.Build.0 = Release|Any CPU
		{C1E6A8B7-1F4A-4379-83BC-1F24F5E1E9B9}.Debug|Any CPU.ActiveCfg = Debug|Any CPU
		{C1E6A8B7-1F4A-4379-83BC-1F24F5E1E9B9}.Debug|Any CPU.Build.0 = Debug|Any CPU
		{C1E6A8B7-1F4A-4379-83BC-1F24F5E1E9B9}.Release|Any CPU.ActiveCfg = Release|Any CPU
		{C1E6A8B7-1F4A-4379-83BC-1F24F5E1E9B9}.Release|Any CPU.Build.0 = Release|Any CPU
		{C1CF42E8-554E-4B17-B2BE-67F7431AA983}.Debug|Any CPU.ActiveCfg = Debug|Any CPU
		{C1CF42E8-554E-4B17-B2BE-67F7431AA983}.Debug|Any CPU.Build.0 = Debug|Any CPU
		{C1CF42E8-554E-4B17-B2BE-67F7431AA983}.Release|Any CPU.ActiveCfg = Release|Any CPU
		{C1CF42E8-554E-4B17-B2BE-67F7431AA983}.Release|Any CPU.Build.0 = Release|Any CPU
		{7E0A478F-9C37-4273-8A4F-AB5E06AE07BC}.Debug|Any CPU.ActiveCfg = Debug|Any CPU
		{7E0A478F-9C37-4273-8A4F-AB5E06AE07BC}.Debug|Any CPU.Build.0 = Debug|Any CPU
		{7E0A478F-9C37-4273-8A4F-AB5E06AE07BC}.Release|Any CPU.ActiveCfg = Release|Any CPU
		{7E0A478F-9C37-4273-8A4F-AB5E06AE07BC}.Release|Any CPU.Build.0 = Release|Any CPU
		{8BD506B0-A183-4BB5-A4C7-8A3BA9D1A33E}.Debug|Any CPU.ActiveCfg = Debug|Any CPU
		{8BD506B0-A183-4BB5-A4C7-8A3BA9D1A33E}.Debug|Any CPU.Build.0 = Debug|Any CPU
		{8BD506B0-A183-4BB5-A4C7-8A3BA9D1A33E}.Release|Any CPU.ActiveCfg = Release|Any CPU
		{8BD506B0-A183-4BB5-A4C7-8A3BA9D1A33E}.Release|Any CPU.Build.0 = Release|Any CPU
		{D0A052D2-3C32-4AE4-AC6D-D64C8F2336B9}.Debug|Any CPU.ActiveCfg = Debug|Any CPU
		{D0A052D2-3C32-4AE4-AC6D-D64C8F2336B9}.Debug|Any CPU.Build.0 = Debug|Any CPU
		{D0A052D2-3C32-4AE4-AC6D-D64C8F2336B9}.Release|Any CPU.ActiveCfg = Release|Any CPU
		{D0A052D2-3C32-4AE4-AC6D-D64C8F2336B9}.Release|Any CPU.Build.0 = Release|Any CPU
		{D55FB0DF-3BCE-4975-8177-0152D29286A9}.Debug|Any CPU.ActiveCfg = Debug|Any CPU
		{D55FB0DF-3BCE-4975-8177-0152D29286A9}.Debug|Any CPU.Build.0 = Debug|Any CPU
		{D55FB0DF-3BCE-4975-8177-0152D29286A9}.Release|Any CPU.ActiveCfg = Release|Any CPU
		{D55FB0DF-3BCE-4975-8177-0152D29286A9}.Release|Any CPU.Build.0 = Release|Any CPU
		{8F53A4AB-7643-4201-83B3-4C04B3B6CC1E}.Debug|Any CPU.ActiveCfg = Debug|Any CPU
		{8F53A4AB-7643-4201-83B3-4C04B3B6CC1E}.Debug|Any CPU.Build.0 = Debug|Any CPU
		{8F53A4AB-7643-4201-83B3-4C04B3B6CC1E}.Release|Any CPU.ActiveCfg = Release|Any CPU
		{8F53A4AB-7643-4201-83B3-4C04B3B6CC1E}.Release|Any CPU.Build.0 = Release|Any CPU
		{3601FB4D-EBC5-43B2-B899-50DE964F1BE3}.Debug|Any CPU.ActiveCfg = Debug|Any CPU
		{3601FB4D-EBC5-43B2-B899-50DE964F1BE3}.Debug|Any CPU.Build.0 = Debug|Any CPU
		{3601FB4D-EBC5-43B2-B899-50DE964F1BE3}.Release|Any CPU.ActiveCfg = Release|Any CPU
		{3601FB4D-EBC5-43B2-B899-50DE964F1BE3}.Release|Any CPU.Build.0 = Release|Any CPU
		{FFEE551E-AE30-45BC-BA9C-76FF4E26EA7A}.Debug|Any CPU.ActiveCfg = Debug|Any CPU
		{FFEE551E-AE30-45BC-BA9C-76FF4E26EA7A}.Debug|Any CPU.Build.0 = Debug|Any CPU
		{FFEE551E-AE30-45BC-BA9C-76FF4E26EA7A}.Release|Any CPU.ActiveCfg = Release|Any CPU
		{FFEE551E-AE30-45BC-BA9C-76FF4E26EA7A}.Release|Any CPU.Build.0 = Release|Any CPU
		{91EF6060-71E0-4166-B99D-7D02B654978F}.Debug|Any CPU.ActiveCfg = Debug|Any CPU
		{91EF6060-71E0-4166-B99D-7D02B654978F}.Debug|Any CPU.Build.0 = Debug|Any CPU
		{91EF6060-71E0-4166-B99D-7D02B654978F}.Release|Any CPU.ActiveCfg = Release|Any CPU
		{91EF6060-71E0-4166-B99D-7D02B654978F}.Release|Any CPU.Build.0 = Release|Any CPU
		{C9CF6913-2B11-42B9-8440-4CDBDD89661F}.Debug|Any CPU.ActiveCfg = Debug|Any CPU
		{C9CF6913-2B11-42B9-8440-4CDBDD89661F}.Debug|Any CPU.Build.0 = Debug|Any CPU
		{C9CF6913-2B11-42B9-8440-4CDBDD89661F}.Release|Any CPU.ActiveCfg = Release|Any CPU
		{C9CF6913-2B11-42B9-8440-4CDBDD89661F}.Release|Any CPU.Build.0 = Release|Any CPU
		{2E5578AE-E0A5-4A54-90A1-690006DBB589}.Debug|Any CPU.ActiveCfg = Debug|Any CPU
		{2E5578AE-E0A5-4A54-90A1-690006DBB589}.Debug|Any CPU.Build.0 = Debug|Any CPU
		{2E5578AE-E0A5-4A54-90A1-690006DBB589}.Release|Any CPU.ActiveCfg = Release|Any CPU
		{2E5578AE-E0A5-4A54-90A1-690006DBB589}.Release|Any CPU.Build.0 = Release|Any CPU
		{FA80C60C-FE72-439E-AC56-0ED3C6B2E0EC}.Debug|Any CPU.ActiveCfg = Debug|Any CPU
		{FA80C60C-FE72-439E-AC56-0ED3C6B2E0EC}.Debug|Any CPU.Build.0 = Debug|Any CPU
		{FA80C60C-FE72-439E-AC56-0ED3C6B2E0EC}.Release|Any CPU.ActiveCfg = Release|Any CPU
		{FA80C60C-FE72-439E-AC56-0ED3C6B2E0EC}.Release|Any CPU.Build.0 = Release|Any CPU
		{1A5252A1-3451-4A29-A170-3EB5CDEF6520}.Debug|Any CPU.ActiveCfg = Debug|Any CPU
		{1A5252A1-3451-4A29-A170-3EB5CDEF6520}.Debug|Any CPU.Build.0 = Debug|Any CPU
		{1A5252A1-3451-4A29-A170-3EB5CDEF6520}.Release|Any CPU.ActiveCfg = Release|Any CPU
		{1A5252A1-3451-4A29-A170-3EB5CDEF6520}.Release|Any CPU.Build.0 = Release|Any CPU
		{D7B98491-D7ED-4A9D-9FE2-B01D8BCE752A}.Debug|Any CPU.ActiveCfg = Debug|Any CPU
		{D7B98491-D7ED-4A9D-9FE2-B01D8BCE752A}.Debug|Any CPU.Build.0 = Debug|Any CPU
		{D7B98491-D7ED-4A9D-9FE2-B01D8BCE752A}.Release|Any CPU.ActiveCfg = Release|Any CPU
		{D7B98491-D7ED-4A9D-9FE2-B01D8BCE752A}.Release|Any CPU.Build.0 = Release|Any CPU
		{AA325FBE-5341-4CD1-8284-BE989A6597E9}.Debug|Any CPU.ActiveCfg = Debug|Any CPU
		{AA325FBE-5341-4CD1-8284-BE989A6597E9}.Debug|Any CPU.Build.0 = Debug|Any CPU
		{AA325FBE-5341-4CD1-8284-BE989A6597E9}.Release|Any CPU.ActiveCfg = Release|Any CPU
		{AA325FBE-5341-4CD1-8284-BE989A6597E9}.Release|Any CPU.Build.0 = Release|Any CPU
		{55C9E6F5-0504-4C5B-9C1C-8BAE1A7B89BE}.Debug|Any CPU.ActiveCfg = Debug|Any CPU
		{55C9E6F5-0504-4C5B-9C1C-8BAE1A7B89BE}.Debug|Any CPU.Build.0 = Debug|Any CPU
		{55C9E6F5-0504-4C5B-9C1C-8BAE1A7B89BE}.Release|Any CPU.ActiveCfg = Release|Any CPU
		{55C9E6F5-0504-4C5B-9C1C-8BAE1A7B89BE}.Release|Any CPU.Build.0 = Release|Any CPU
		{2CC78F44-7349-425F-A865-F3C55A3F1134}.Debug|Any CPU.ActiveCfg = Debug|Any CPU
		{2CC78F44-7349-425F-A865-F3C55A3F1134}.Debug|Any CPU.Build.0 = Debug|Any CPU
		{2CC78F44-7349-425F-A865-F3C55A3F1134}.Release|Any CPU.ActiveCfg = Release|Any CPU
		{2CC78F44-7349-425F-A865-F3C55A3F1134}.Release|Any CPU.Build.0 = Release|Any CPU
		{5D5BBDDB-F326-46EB-A8F9-D5FF5ABC9E52}.Debug|Any CPU.ActiveCfg = Debug|Any CPU
		{5D5BBDDB-F326-46EB-A8F9-D5FF5ABC9E52}.Debug|Any CPU.Build.0 = Debug|Any CPU
		{5D5BBDDB-F326-46EB-A8F9-D5FF5ABC9E52}.Release|Any CPU.ActiveCfg = Release|Any CPU
		{5D5BBDDB-F326-46EB-A8F9-D5FF5ABC9E52}.Release|Any CPU.Build.0 = Release|Any CPU
		{2070BB7F-EF4D-40BE-AFDE-626DE129F9C6}.Debug|Any CPU.ActiveCfg = Debug|Any CPU
		{2070BB7F-EF4D-40BE-AFDE-626DE129F9C6}.Debug|Any CPU.Build.0 = Debug|Any CPU
		{2070BB7F-EF4D-40BE-AFDE-626DE129F9C6}.Release|Any CPU.ActiveCfg = Release|Any CPU
		{2070BB7F-EF4D-40BE-AFDE-626DE129F9C6}.Release|Any CPU.Build.0 = Release|Any CPU
		{6116C4B6-AF25-4EE9-8D9A-D5EE025A74B0}.Debug|Any CPU.ActiveCfg = Debug|Any CPU
		{6116C4B6-AF25-4EE9-8D9A-D5EE025A74B0}.Debug|Any CPU.Build.0 = Debug|Any CPU
		{6116C4B6-AF25-4EE9-8D9A-D5EE025A74B0}.Release|Any CPU.ActiveCfg = Release|Any CPU
		{6116C4B6-AF25-4EE9-8D9A-D5EE025A74B0}.Release|Any CPU.Build.0 = Release|Any CPU
		{A2CADDB4-448A-4620-BCAF-6B097764EAA2}.Debug|Any CPU.ActiveCfg = Debug|Any CPU
		{A2CADDB4-448A-4620-BCAF-6B097764EAA2}.Debug|Any CPU.Build.0 = Debug|Any CPU
		{A2CADDB4-448A-4620-BCAF-6B097764EAA2}.Release|Any CPU.ActiveCfg = Release|Any CPU
		{A2CADDB4-448A-4620-BCAF-6B097764EAA2}.Release|Any CPU.Build.0 = Release|Any CPU
		{2A9C7577-ACC7-4495-A190-F48068BB88DB}.Debug|Any CPU.ActiveCfg = Debug|Any CPU
		{2A9C7577-ACC7-4495-A190-F48068BB88DB}.Debug|Any CPU.Build.0 = Debug|Any CPU
		{2A9C7577-ACC7-4495-A190-F48068BB88DB}.Release|Any CPU.ActiveCfg = Release|Any CPU
		{2A9C7577-ACC7-4495-A190-F48068BB88DB}.Release|Any CPU.Build.0 = Release|Any CPU
		{5116CF13-11E5-4E12-A3E4-32DF95183246}.Debug|Any CPU.ActiveCfg = Debug|Any CPU
		{5116CF13-11E5-4E12-A3E4-32DF95183246}.Debug|Any CPU.Build.0 = Debug|Any CPU
		{5116CF13-11E5-4E12-A3E4-32DF95183246}.Release|Any CPU.ActiveCfg = Release|Any CPU
		{5116CF13-11E5-4E12-A3E4-32DF95183246}.Release|Any CPU.Build.0 = Release|Any CPU
		{EEDC1CFB-FC9D-490B-938B-B3BFD1C86171}.Debug|Any CPU.ActiveCfg = Debug|Any CPU
		{EEDC1CFB-FC9D-490B-938B-B3BFD1C86171}.Debug|Any CPU.Build.0 = Debug|Any CPU
		{EEDC1CFB-FC9D-490B-938B-B3BFD1C86171}.Release|Any CPU.ActiveCfg = Release|Any CPU
		{EEDC1CFB-FC9D-490B-938B-B3BFD1C86171}.Release|Any CPU.Build.0 = Release|Any CPU
	EndGlobalSection
	GlobalSection(SolutionProperties) = preSolution
		HideSolutionNode = FALSE
	EndGlobalSection
	GlobalSection(NestedProjects) = preSolution
		{C1E6A8B7-1F4A-4379-83BC-1F24F5E1E9B9} = {57D9A443-5180-4E5C-A723-7FDDF1F70C44}
		{C1CF42E8-554E-4B17-B2BE-67F7431AA983} = {57D9A443-5180-4E5C-A723-7FDDF1F70C44}
		{7E0A478F-9C37-4273-8A4F-AB5E06AE07BC} = {1071CAD4-0274-46DC-8392-B8D5A219E2D5}
		{8BD506B0-A183-4BB5-A4C7-8A3BA9D1A33E} = {1071CAD4-0274-46DC-8392-B8D5A219E2D5}
		{D0A052D2-3C32-4AE4-AC6D-D64C8F2336B9} = {3FD9CF13-1AF3-4B87-AA80-73A7E181AA56}
		{D55FB0DF-3BCE-4975-8177-0152D29286A9} = {3FD9CF13-1AF3-4B87-AA80-73A7E181AA56}
		{8F53A4AB-7643-4201-83B3-4C04B3B6CC1E} = {3FD9CF13-1AF3-4B87-AA80-73A7E181AA56}
		{3601FB4D-EBC5-43B2-B899-50DE964F1BE3} = {5113E526-FA97-4B59-963E-81D57ADF0BD8}
		{FFEE551E-AE30-45BC-BA9C-76FF4E26EA7A} = {5113E526-FA97-4B59-963E-81D57ADF0BD8}
		{91EF6060-71E0-4166-B99D-7D02B654978F} = {5113E526-FA97-4B59-963E-81D57ADF0BD8}
		{C9CF6913-2B11-42B9-8440-4CDBDD89661F} = {914F11BD-4E7F-43A8-9D8B-F69A4F24ABC0}
		{2E5578AE-E0A5-4A54-90A1-690006DBB589} = {914F11BD-4E7F-43A8-9D8B-F69A4F24ABC0}
		{FA80C60C-FE72-439E-AC56-0ED3C6B2E0EC} = {914F11BD-4E7F-43A8-9D8B-F69A4F24ABC0}
		{1A5252A1-3451-4A29-A170-3EB5CDEF6520} = {D6E949C4-45D3-4FF3-BBFF-403F983A1B51}
		{D7B98491-D7ED-4A9D-9FE2-B01D8BCE752A} = {D6E949C4-45D3-4FF3-BBFF-403F983A1B51}
		{AA325FBE-5341-4CD1-8284-BE989A6597E9} = {1071CAD4-0274-46DC-8392-B8D5A219E2D5}
		{55C9E6F5-0504-4C5B-9C1C-8BAE1A7B89BE} = {57D9A443-5180-4E5C-A723-7FDDF1F70C44}
		{2CC78F44-7349-425F-A865-F3C55A3F1134} = {D6E949C4-45D3-4FF3-BBFF-403F983A1B51}
		{5D5BBDDB-F326-46EB-A8F9-D5FF5ABC9E52} = {57D9A443-5180-4E5C-A723-7FDDF1F70C44}
		{2070BB7F-EF4D-40BE-AFDE-626DE129F9C6} = {1071CAD4-0274-46DC-8392-B8D5A219E2D5}
		{6116C4B6-AF25-4EE9-8D9A-D5EE025A74B0} = {D6E949C4-45D3-4FF3-BBFF-403F983A1B51}
		{A2CADDB4-448A-4620-BCAF-6B097764EAA2} = {3FD9CF13-1AF3-4B87-AA80-73A7E181AA56}
		{2A9C7577-ACC7-4495-A190-F48068BB88DB} = {D6E949C4-45D3-4FF3-BBFF-403F983A1B51}
		{5116CF13-11E5-4E12-A3E4-32DF95183246} = {1071CAD4-0274-46DC-8392-B8D5A219E2D5}
		{EEDC1CFB-FC9D-490B-938B-B3BFD1C86171} = {5113E526-FA97-4B59-963E-81D57ADF0BD8}
	EndGlobalSection
	GlobalSection(ExtensibilityGlobals) = postSolution
		SolutionGuid = {F8666760-B389-4285-BAAF-F02AF5076C34}
	EndGlobalSection
EndGlobal
